
Microsoft Visual Studio Solution File, Format Version 12.00
# Visual Studio Version 17
VisualStudioVersion = 17.4.33205.214
MinimumVisualStudioVersion = 10.0.40219.1
Project("{FAE04EC0-301F-11D3-BF4B-00C04F79EFBC}") = "CHomeTask12", "CHomeTask12\CHomeTask12.csproj", "{4CFFED99-FA52-4184-B592-442127B6241D}"
EndProject
Global
	GlobalSection(SolutionConfigurationPlatforms) = preSolution
		Debug|Any CPU = Debug|Any CPU
		Release|Any CPU = Release|Any CPU
	EndGlobalSection
	GlobalSection(ProjectConfigurationPlatforms) = postSolution
		{4CFFED99-FA52-4184-B592-442127B6241D}.Debug|Any CPU.ActiveCfg = Debug|Any CPU
		{4CFFED99-FA52-4184-B592-442127B6241D}.Debug|Any CPU.Build.0 = Debug|Any CPU
		{4CFFED99-FA52-4184-B592-442127B6241D}.Release|Any CPU.ActiveCfg = Release|Any CPU
		{4CFFED99-FA52-4184-B592-442127B6241D}.Release|Any CPU.Build.0 = Release|Any CPU
	EndGlobalSection
	GlobalSection(SolutionProperties) = preSolution
		HideSolutionNode = FALSE
	EndGlobalSection
	GlobalSection(ExtensibilityGlobals) = postSolution
		SolutionGuid = {34606C38-8903-48FC-A462-1B96A1AAE40D}
	EndGlobalSection
EndGlobal
